Microsoft Visual Studio Solution File, Format Version 12.00
# Visual Studio Version 17
VisualStudioVersion = 17.5.2.0
MinimumVisualStudioVersion = 10.0.40219.1
Project("{FAE04EC0-301F-11D3-BF4B-00C04F79EFBC}") = "HasinaCabs", "HasinaCabs.csproj", "{33AB4949-AA12-21F7-9C33-39B8C3969250}"
EndProject
Global
	GlobalSection(SolutionConfigurationPlatforms) = preSolution
		Debug|Any CPU = Debug|Any CPU
		Release|Any CPU = Release|Any CPU
	EndGlobalSection
	GlobalSection(ProjectConfigurationPlatforms) = postSolution
		{33AB4949-AA12-21F7-9C33-39B8C3969250}.Debug|Any CPU.ActiveCfg = Debug|Any CPU
		{33AB4949-AA12-21F7-9C33-39B8C3969250}.Debug|Any CPU.Build.0 = Debug|Any CPU
		{33AB4949-AA12-21F7-9C33-39B8C3969250}.Release|Any CPU.ActiveCfg = Release|Any CPU
		{33AB4949-AA12-21F7-9C33-39B8C3969250}.Release|Any CPU.Build.0 = Release|Any CPU
	EndGlobalSection
	GlobalSection(SolutionProperties) = preSolution
		HideSolutionNode = FALSE
	EndGlobalSection
	GlobalSection(ExtensibilityGlobals) = postSolution
		SolutionGuid = {3390AB02-A652-42B1-A522-689881AA968E}
	EndGlobalSection
EndGlobal
