Microsoft Visual Studio Solution File, Format Version 12.00
# Visual Studio Version 17
VisualStudioVersion = 17.5.2.0
MinimumVisualStudioVersion = 10.0.40219.1
Project("{FAE04EC0-301F-11D3-BF4B-00C04F79EFBC}") = "EventDelegateDemo", "EventDelegateDemo\EventDelegateDemo.csproj", "{46F493E9-69EC-3AF6-441E-F89E9084BEAF}"
EndProject
Global
	GlobalSection(SolutionConfigurationPlatforms) = preSolution
		Debug|Any CPU = Debug|Any CPU
		Release|Any CPU = Release|Any CPU
	EndGlobalSection
	GlobalSection(ProjectConfigurationPlatforms) = postSolution
		{46F493E9-69EC-3AF6-441E-F89E9084BEAF}.Debug|Any CPU.ActiveCfg = Debug|Any CPU
		{46F493E9-69EC-3AF6-441E-F89E9084BEAF}.Debug|Any CPU.Build.0 = Debug|Any CPU
		{46F493E9-69EC-3AF6-441E-F89E9084BEAF}.Release|Any CPU.ActiveCfg = Release|Any CPU
		{46F493E9-69EC-3AF6-441E-F89E9084BEAF}.Release|Any CPU.Build.0 = Release|Any CPU
	EndGlobalSection
	GlobalSection(SolutionProperties) = preSolution
		HideSolutionNode = FALSE
	EndGlobalSection
	GlobalSection(ExtensibilityGlobals) = postSolution
		SolutionGuid = {B53A6192-AFE9-4C73-8104-FD32C5F3F03A}
	EndGlobalSection
EndGlobal
