
Microsoft Visual Studio Solution File, Format Version 12.00
# Visual Studio Version 16
VisualStudioVersion = 16.0.31729.503
MinimumVisualStudioVersion = 10.0.40219.1
Project("{FAE04EC0-301F-11D3-BF4B-00C04F79EFBC}") = "EMS_UI", "EMS_UI\EMS_UI.csproj", "{0E6A8E7E-9A74-44AD-96DE-F00DD7A0A936}"
EndProject
Project("{FAE04EC0-301F-11D3-BF4B-00C04F79EFBC}") = "EMS_BL", "EMS_BL\EMS_BL.csproj", "{698992E7-15DC-405E-83EF-219A157914D5}"
EndProject
Project("{FAE04EC0-301F-11D3-BF4B-00C04F79EFBC}") = "EMS_DAL", "EMS_DAL\EMS_DAL.csproj", "{A7EECB12-9EF2-4B2D-811E-CC322B09E68C}"
EndProject
Project("{FAE04EC0-301F-11D3-BF4B-00C04F79EFBC}") = "EMS_Entitys", "EMS_Entitys\EMS_Entitys.csproj", "{F9D8FB81-04BC-4C26-A27B-9EEC79662711}"
EndProject
Project("{FAE04EC0-301F-11D3-BF4B-00C04F79EFBC}") = "EMS_Exceptions", "EMS_Exceptions\EMS_Exceptions.csproj", "{CAFCB5F1-4BDD-403D-A033-DDB083C88CC5}"
EndProject
Global
	GlobalSection(SolutionConfigurationPlatforms) = preSolution
		Debug|Any CPU = Debug|Any CPU
		Release|Any CPU = Release|Any CPU
	EndGlobalSection
	GlobalSection(ProjectConfigurationPlatforms) = postSolution
		{0E6A8E7E-9A74-44AD-96DE-F00DD7A0A936}.Debug|Any CPU.ActiveCfg = Debug|Any CPU
		{0E6A8E7E-9A74-44AD-96DE-F00DD7A0A936}.Debug|Any CPU.Build.0 = Debug|Any CPU
		{0E6A8E7E-9A74-44AD-96DE-F00DD7A0A936}.Release|Any CPU.ActiveCfg = Release|Any CPU
		{0E6A8E7E-9A74-44AD-96DE-F00DD7A0A936}.Release|Any CPU.Build.0 = Release|Any CPU
		{698992E7-15DC-405E-83EF-219A157914D5}.Debug|Any CPU.ActiveCfg = Debug|Any CPU
		{698992E7-15DC-405E-83EF-219A157914D5}.Debug|Any CPU.Build.0 = Debug|Any CPU
		{698992E7-15DC-405E-83EF-219A157914D5}.Release|Any CPU.ActiveCfg = Release|Any CPU
		{698992E7-15DC-405E-83EF-219A157914D5}.Release|Any CPU.Build.0 = Release|Any CPU
		{A7EECB12-9EF2-4B2D-811E-CC322B09E68C}.Debug|Any CPU.ActiveCfg = Debug|Any CPU
		{A7EECB12-9EF2-4B2D-811E-CC322B09E68C}.Debug|Any CPU.Build.0 = Debug|Any CPU
		{A7EECB12-9EF2-4B2D-811E-CC322B09E68C}.Release|Any CPU.ActiveCfg = Release|Any CPU
		{A7EECB12-9EF2-4B2D-811E-CC322B09E68C}.Release|Any CPU.Build.0 = Release|Any CPU
		{F9D8FB81-04BC-4C26-A27B-9EEC79662711}.Debug|Any CPU.ActiveCfg = Debug|Any CPU
		{F9D8FB81-04BC-4C26-A27B-9EEC79662711}.Debug|Any CPU.Build.0 = Debug|Any CPU
		{F9D8FB81-04BC-4C26-A27B-9EEC79662711}.Release|Any CPU.ActiveCfg = Release|Any CPU
		{F9D8FB81-04BC-4C26-A27B-9EEC79662711}.Release|Any CPU.Build.0 = Release|Any CPU
		{CAFCB5F1-4BDD-403D-A033-DDB083C88CC5}.Debug|Any CPU.ActiveCfg = Debug|Any CPU
		{CAFCB5F1-4BDD-403D-A033-DDB083C88CC5}.Debug|Any CPU.Build.0 = Debug|Any CPU
		{CAFCB5F1-4BDD-403D-A033-DDB083C88CC5}.Release|Any CPU.ActiveCfg = Release|Any CPU
		{CAFCB5F1-4BDD-403D-A033-DDB083C88CC5}.Release|Any CPU.Build.0 = Release|Any CPU
	EndGlobalSection
	GlobalSection(SolutionProperties) = preSolution
		HideSolutionNode = FALSE
	EndGlobalSection
	GlobalSection(ExtensibilityGlobals) = postSolution
		SolutionGuid = {AEA017F6-5288-4259-8D27-134809775FE8}
	EndGlobalSection
EndGlobal
