
Microsoft Visual Studio Solution File, Format Version 12.00
# Visual Studio Version 18
VisualStudioVersion = 18.2.11408.102 d18.0
MinimumVisualStudioVersion = 10.0.40219.1
Project("{FAE04EC0-301F-11D3-BF4B-00C04F79EFBC}") = "TopNProductsbyRevenue", "TopNProductsbyRevenue.csproj", "{1C007F31-6C12-2310-A2DD-BADC47A676D4}"
EndProject
Global
	GlobalSection(SolutionConfigurationPlatforms) = preSolution
		Debug|Any CPU = Debug|Any CPU
		Release|Any CPU = Release|Any CPU
	EndGlobalSection
	GlobalSection(ProjectConfigurationPlatforms) = postSolution
		{1C007F31-6C12-2310-A2DD-BADC47A676D4}.Debug|Any CPU.ActiveCfg = Debug|Any CPU
		{1C007F31-6C12-2310-A2DD-BADC47A676D4}.Debug|Any CPU.Build.0 = Debug|Any CPU
		{1C007F31-6C12-2310-A2DD-BADC47A676D4}.Release|Any CPU.ActiveCfg = Release|Any CPU
		{1C007F31-6C12-2310-A2DD-BADC47A676D4}.Release|Any CPU.Build.0 = Release|Any CPU
	EndGlobalSection
	GlobalSection(SolutionProperties) = preSolution
		HideSolutionNode = FALSE
	EndGlobalSection
	GlobalSection(ExtensibilityGlobals) = postSolution
		SolutionGuid = {DA03D9E9-B9C8-4CBB-A580-D109C3F76A14}
	EndGlobalSection
EndGlobal
