Microsoft Visual Studio Solution File, Format Version 12.00
# Visual Studio Version 17
VisualStudioVersion = 17.5.2.0
MinimumVisualStudioVersion = 10.0.40219.1
Project("{FAE04EC0-301F-11D3-BF4B-00C04F79EFBC}") = "ListDemo", "ListDemo.csproj", "{8A3230C2-5084-C13B-2F15-46F8FC1BA362}"
EndProject
Global
	GlobalSection(SolutionConfigurationPlatforms) = preSolution
		Debug|Any CPU = Debug|Any CPU
		Release|Any CPU = Release|Any CPU
	EndGlobalSection
	GlobalSection(ProjectConfigurationPlatforms) = postSolution
		{8A3230C2-5084-C13B-2F15-46F8FC1BA362}.Debug|Any CPU.ActiveCfg = Debug|Any CPU
		{8A3230C2-5084-C13B-2F15-46F8FC1BA362}.Debug|Any CPU.Build.0 = Debug|Any CPU
		{8A3230C2-5084-C13B-2F15-46F8FC1BA362}.Release|Any CPU.ActiveCfg = Release|Any CPU
		{8A3230C2-5084-C13B-2F15-46F8FC1BA362}.Release|Any CPU.Build.0 = Release|Any CPU
	EndGlobalSection
	GlobalSection(SolutionProperties) = preSolution
		HideSolutionNode = FALSE
	EndGlobalSection
	GlobalSection(ExtensibilityGlobals) = postSolution
		SolutionGuid = {3CCAE366-D08F-478A-B3A8-AC4C3B8B8494}
	EndGlobalSection
EndGlobal
