Microsoft Visual Studio Solution File, Format Version 12.00
# Visual Studio Version 17
VisualStudioVersion = 17.5.2.0
MinimumVisualStudioVersion = 10.0.40219.1
Project("{FAE04EC0-301F-11D3-BF4B-00C04F79EFBC}") = "MediSureClinic", "MediSureClinic.csproj", "{5B04E007-7C24-C15D-022B-3D1B886777C9}"
EndProject
Global
	GlobalSection(SolutionConfigurationPlatforms) = preSolution
		Debug|Any CPU = Debug|Any CPU
		Release|Any CPU = Release|Any CPU
	EndGlobalSection
	GlobalSection(ProjectConfigurationPlatforms) = postSolution
		{5B04E007-7C24-C15D-022B-3D1B886777C9}.Debug|Any CPU.ActiveCfg = Debug|Any CPU
		{5B04E007-7C24-C15D-022B-3D1B886777C9}.Debug|Any CPU.Build.0 = Debug|Any CPU
		{5B04E007-7C24-C15D-022B-3D1B886777C9}.Release|Any CPU.ActiveCfg = Release|Any CPU
		{5B04E007-7C24-C15D-022B-3D1B886777C9}.Release|Any CPU.Build.0 = Release|Any CPU
	EndGlobalSection
	GlobalSection(SolutionProperties) = preSolution
		HideSolutionNode = FALSE
	EndGlobalSection
	GlobalSection(ExtensibilityGlobals) = postSolution
		SolutionGuid = {4C2148D2-AA52-4B87-9C16-52531CB8B0CB}
	EndGlobalSection
EndGlobal
