Microsoft Visual Studio Solution File, Format Version 12.00
# Visual Studio Version 17
VisualStudioVersion = 17.5.2.0
MinimumVisualStudioVersion = 10.0.40219.1
Project("{FAE04EC0-301F-11D3-BF4B-00C04F79EFBC}") = "EFDemo", "EFDemo.csproj", "{DD55C28C-F9C2-7D9F-B399-098BF18A18CE}"
EndProject
Global
	GlobalSection(SolutionConfigurationPlatforms) = preSolution
		Debug|Any CPU = Debug|Any CPU
		Release|Any CPU = Release|Any CPU
	EndGlobalSection
	GlobalSection(ProjectConfigurationPlatforms) = postSolution
		{DD55C28C-F9C2-7D9F-B399-098BF18A18CE}.Debug|Any CPU.ActiveCfg = Debug|Any CPU
		{DD55C28C-F9C2-7D9F-B399-098BF18A18CE}.Debug|Any CPU.Build.0 = Debug|Any CPU
		{DD55C28C-F9C2-7D9F-B399-098BF18A18CE}.Release|Any CPU.ActiveCfg = Release|Any CPU
		{DD55C28C-F9C2-7D9F-B399-098BF18A18CE}.Release|Any CPU.Build.0 = Release|Any CPU
	EndGlobalSection
	GlobalSection(SolutionProperties) = preSolution
		HideSolutionNode = FALSE
	EndGlobalSection
	GlobalSection(ExtensibilityGlobals) = postSolution
		SolutionGuid = {8991509A-81AC-417D-9B56-2FE25F38E2B0}
	EndGlobalSection
EndGlobal
