Microsoft Visual Studio Solution File, Format Version 12.00
# Visual Studio Version 17
VisualStudioVersion = 17.5.2.0
MinimumVisualStudioVersion = 10.0.40219.1
Project("{FAE04EC0-301F-11D3-BF4B-00C04F79EFBC}") = "StudentManagementAppSystem", "StudentManagementAppSystem.csproj", "{4C062A25-7FE0-3263-67BB-2B3343975862}"
EndProject
Global
	GlobalSection(SolutionConfigurationPlatforms) = preSolution
		Debug|Any CPU = Debug|Any CPU
		Release|Any CPU = Release|Any CPU
	EndGlobalSection
	GlobalSection(ProjectConfigurationPlatforms) = postSolution
		{4C062A25-7FE0-3263-67BB-2B3343975862}.Debug|Any CPU.ActiveCfg = Debug|Any CPU
		{4C062A25-7FE0-3263-67BB-2B3343975862}.Debug|Any CPU.Build.0 = Debug|Any CPU
		{4C062A25-7FE0-3263-67BB-2B3343975862}.Release|Any CPU.ActiveCfg = Release|Any CPU
		{4C062A25-7FE0-3263-67BB-2B3343975862}.Release|Any CPU.Build.0 = Release|Any CPU
	EndGlobalSection
	GlobalSection(SolutionProperties) = preSolution
		HideSolutionNode = FALSE
	EndGlobalSection
	GlobalSection(ExtensibilityGlobals) = postSolution
		SolutionGuid = {33C4B751-E4C1-49EC-96B3-E27BA57C8767}
	EndGlobalSection
EndGlobal
