Microsoft Visual Studio Solution File, Format Version 12.00
# Visual Studio Version 17
VisualStudioVersion = 17.5.2.0
MinimumVisualStudioVersion = 10.0.40219.1
Project("{FAE04EC0-301F-11D3-BF4B-00C04F79EFBC}") = "FactoryRobotHazardAnalyzer", "FactoryRobotHazardAnalyzer.csproj", "{84ABB7CB-3200-A8B1-F67F-8EF5F6AA3E32}"
EndProject
Global
	GlobalSection(SolutionConfigurationPlatforms) = preSolution
		Debug|Any CPU = Debug|Any CPU
		Release|Any CPU = Release|Any CPU
	EndGlobalSection
	GlobalSection(ProjectConfigurationPlatforms) = postSolution
		{84ABB7CB-3200-A8B1-F67F-8EF5F6AA3E32}.Debug|Any CPU.ActiveCfg = Debug|Any CPU
		{84ABB7CB-3200-A8B1-F67F-8EF5F6AA3E32}.Debug|Any CPU.Build.0 = Debug|Any CPU
		{84ABB7CB-3200-A8B1-F67F-8EF5F6AA3E32}.Release|Any CPU.ActiveCfg = Release|Any CPU
		{84ABB7CB-3200-A8B1-F67F-8EF5F6AA3E32}.Release|Any CPU.Build.0 = Release|Any CPU
	EndGlobalSection
	GlobalSection(SolutionProperties) = preSolution
		HideSolutionNode = FALSE
	EndGlobalSection
	GlobalSection(ExtensibilityGlobals) = postSolution
		SolutionGuid = {83EC2ED7-095D-4556-84BF-8956312C2D63}
	EndGlobalSection
EndGlobal
