Microsoft Visual Studio Solution File, Format Version 12.00
# Visual Studio Version 17
VisualStudioVersion = 17.5.2.0
MinimumVisualStudioVersion = 10.0.40219.1
Project("{FAE04EC0-301F-11D3-BF4B-00C04F79EFBC}") = "InterfaceDemoProj", "InterfaceDemoProj.csproj", "{8BEF0C25-455D-832A-E9B4-462C1F7FE1DB}"
EndProject
Global
	GlobalSection(SolutionConfigurationPlatforms) = preSolution
		Debug|Any CPU = Debug|Any CPU
		Release|Any CPU = Release|Any CPU
	EndGlobalSection
	GlobalSection(ProjectConfigurationPlatforms) = postSolution
		{8BEF0C25-455D-832A-E9B4-462C1F7FE1DB}.Debug|Any CPU.ActiveCfg = Debug|Any CPU
		{8BEF0C25-455D-832A-E9B4-462C1F7FE1DB}.Debug|Any CPU.Build.0 = Debug|Any CPU
		{8BEF0C25-455D-832A-E9B4-462C1F7FE1DB}.Release|Any CPU.ActiveCfg = Release|Any CPU
		{8BEF0C25-455D-832A-E9B4-462C1F7FE1DB}.Release|Any CPU.Build.0 = Release|Any CPU
	EndGlobalSection
	GlobalSection(SolutionProperties) = preSolution
		HideSolutionNode = FALSE
	EndGlobalSection
	GlobalSection(ExtensibilityGlobals) = postSolution
		SolutionGuid = {35C28B62-FF36-4348-B773-BDDAFA430907}
	EndGlobalSection
EndGlobal
