Microsoft Visual Studio Solution File, Format Version 12.00
# Visual Studio Version 17
VisualStudioVersion = 17.5.2.0
MinimumVisualStudioVersion = 10.0.40219.1
Project("{FAE04EC0-301F-11D3-BF4B-00C04F79EFBC}") = "Day2DemoConsole", "Day2DemoConsole\Day2DemoConsole.csproj", "{4A131321-0576-8D1B-7D40-575DC13B245C}"
EndProject
Global
	GlobalSection(SolutionConfigurationPlatforms) = preSolution
		Debug|Any CPU = Debug|Any CPU
		Release|Any CPU = Release|Any CPU
	EndGlobalSection
	GlobalSection(ProjectConfigurationPlatforms) = postSolution
		{4A131321-0576-8D1B-7D40-575DC13B245C}.Debug|Any CPU.ActiveCfg = Debug|Any CPU
		{4A131321-0576-8D1B-7D40-575DC13B245C}.Debug|Any CPU.Build.0 = Debug|Any CPU
		{4A131321-0576-8D1B-7D40-575DC13B245C}.Release|Any CPU.ActiveCfg = Release|Any CPU
		{4A131321-0576-8D1B-7D40-575DC13B245C}.Release|Any CPU.Build.0 = Release|Any CPU
	EndGlobalSection
	GlobalSection(SolutionProperties) = preSolution
		HideSolutionNode = FALSE
	EndGlobalSection
	GlobalSection(ExtensibilityGlobals) = postSolution
		SolutionGuid = {8176101B-7D5D-46B7-AE04-C524060EFCF3}
	EndGlobalSection
EndGlobal
